
Microsoft Visual Studio Solution File, Format Version 12.00
# Visual Studio Version 16
VisualStudioVersion = 16.0.33927.289
MinimumVisualStudioVersion = 10.0.40219.1
Project("{2150E333-8FDC-42A3-9474-1A3956D46DE8}") = "Task0", "Task0", "{8DBF84FB-BF7E-47EC-98F2-191FE5A428FC}"
EndProject
Project("{FAE04EC0-301F-11D3-BF4B-00C04F79EFBC}") = "Tyuiu.PopkovSV.Sprint4.Task0.V25", "Tyuiu.PopkovSV.Sprint4.Task0.V25\Tyuiu.PopkovSV.Sprint4.Task0.V25.csproj", "{0013D675-B9DC-4A0E-B700-33CB5B594093}"
EndProject
Project("{FAE04EC0-301F-11D3-BF4B-00C04F79EFBC}") = "Tyuiu.PopkovSV.Sprint4.Task0.V25.Lib", "Tyuiu.PopkovSV.Sprint4.Task0.V25.Lib\Tyuiu.PopkovSV.Sprint4.Task0.V25.Lib.csproj", "{F5E31D3C-2491-4A10-9F18-8A0C97A8D4D6}"
EndProject
Project("{FAE04EC0-301F-11D3-BF4B-00C04F79EFBC}") = "Tyuiu.PopkovSV.Sprint4.Task0.V25.Test", "Tyuiu.PopkovSV.Sprint4.Task0.V25.Test\Tyuiu.PopkovSV.Sprint4.Task0.V25.Test.csproj", "{D333826D-E83B-4F17-BCED-580CEB334392}"
EndProject
Project("{2150E333-8FDC-42A3-9474-1A3956D46DE8}") = "Task1", "Task1", "{765B6F63-6F86-4C58-B3B3-50752A1B6CBE}"
EndProject
Project("{FAE04EC0-301F-11D3-BF4B-00C04F79EFBC}") = "Tyuiu.PopkovSV.Sprint4.Task1.V2", "Tyuiu.PopkovSV.Sprint4.Task1.V2\Tyuiu.PopkovSV.Sprint4.Task1.V2.csproj", "{00AA886F-D2A3-43BD-9F8A-7020FA23D5D1}"
EndProject
Project("{FAE04EC0-301F-11D3-BF4B-00C04F79EFBC}") = "Tyuiu.PopkovSV.Sprint4.Task1.V2.Lib", "Tyuiu.PopkovSV.Sprint4.Task1.V2.Lib\Tyuiu.PopkovSV.Sprint4.Task1.V2.Lib.csproj", "{A77CC664-59D6-450F-B656-8466471D112D}"
EndProject
Project("{FAE04EC0-301F-11D3-BF4B-00C04F79EFBC}") = "Tyuiu.PopkovSV.Sprint4.Task1.V2.Test", "Tyuiu.PopkovSV.Sprint4.Task1.V2.Test\Tyuiu.PopkovSV.Sprint4.Task1.V2.Test.csproj", "{816CAA47-A98A-4492-810A-9AF9AEBAD291}"
EndProject
Project("{2150E333-8FDC-42A3-9474-1A3956D46DE8}") = "Task2", "Task2", "{1C38A29A-5997-424D-8D80-3C1D4E4E3735}"
EndProject
Project("{FAE04EC0-301F-11D3-BF4B-00C04F79EFBC}") = "Tyuiu.PopkovSV.Sprint4.Task2.V11", "Tyuiu.PopkovSV.Sprint4.Task2.V11\Tyuiu.PopkovSV.Sprint4.Task2.V11.csproj", "{FAAFBE7B-1275-4EA3-BD03-C24E60C4C2DB}"
EndProject
Project("{FAE04EC0-301F-11D3-BF4B-00C04F79EFBC}") = "Tyuiu.PopkovSV.Sprint4.Task2.V11.Lib", "Tyuiu.PopkovSV.Sprint4.Task2.V11.Lib\Tyuiu.PopkovSV.Sprint4.Task2.V11.Lib.csproj", "{C051C60B-DB50-4D11-AF31-97234036E97B}"
EndProject
Project("{FAE04EC0-301F-11D3-BF4B-00C04F79EFBC}") = "Tyuiu.PopkovSV.Sprint4.Task2.V11.Test", "Tyuiu.PopkovSV.Sprint4.Task2.V11.Test\Tyuiu.PopkovSV.Sprint4.Task2.V11.Test.csproj", "{A948729C-B579-476B-83D3-BD4443D475A2}"
EndProject
Project("{2150E333-8FDC-42A3-9474-1A3956D46DE8}") = "Task3", "Task3", "{E186D5A4-7E67-4A80-A32A-B38973746389}"
EndProject
Project("{FAE04EC0-301F-11D3-BF4B-00C04F79EFBC}") = "Tyuiu.PopkovSV.Sprint4.Task3.V20", "Tyuiu.PopkovSV.Sprint4.Task3.V20\Tyuiu.PopkovSV.Sprint4.Task3.V20.csproj", "{7084A42E-B613-46C0-81DB-355A3C9CC647}"
EndProject
Project("{FAE04EC0-301F-11D3-BF4B-00C04F79EFBC}") = "Tyuiu.PopkovSV.Sprint4.Task3.V20.Lib", "Tyuiu.PopkovSV.Sprint4.Task3.V20.Lib\Tyuiu.PopkovSV.Sprint4.Task3.V20.Lib.csproj", "{FA3C86AD-3F76-4DDA-AC6E-FF9B2A24C355}"
EndProject
Project("{FAE04EC0-301F-11D3-BF4B-00C04F79EFBC}") = "Tyuiu.PopkovSV.Sprint4.Task3.V20.Test", "Tyuiu.PopkovSV.Sprint4.Task3.V20.Test\Tyuiu.PopkovSV.Sprint4.Task3.V20.Test.csproj", "{66D02F13-9122-40E2-8A3B-1CD4B6A5B4BE}"
EndProject
Project("{2150E333-8FDC-42A3-9474-1A3956D46DE8}") = "Task4", "Task4", "{10B9520A-714B-40A3-9CA6-26829A4F193B}"
EndProject
Project("{FAE04EC0-301F-11D3-BF4B-00C04F79EFBC}") = "Tyuiu.PopkovSV.Sprint4.Task4.V30", "Tyuiu.PopkovSV.Sprint4.Task4.V30\Tyuiu.PopkovSV.Sprint4.Task4.V30.csproj", "{3ACD5F33-011C-4F86-937D-A8FD285299C6}"
EndProject
Project("{FAE04EC0-301F-11D3-BF4B-00C04F79EFBC}") = "Tyuiu.PopkovSV.Sprint4.Task4.V30.Lib", "Tyuiu.PopkovSV.Sprint4.Task4.V30.Lib\Tyuiu.PopkovSV.Sprint4.Task4.V30.Lib.csproj", "{538372F5-B5E4-4AA0-93E6-F85947F43D4C}"
EndProject
Project("{FAE04EC0-301F-11D3-BF4B-00C04F79EFBC}") = "Tyuiu.PopkovSV.Sprint4.Task4.V30.Test", "Tyuiu.PopkovSV.Sprint4.Task4.V30.Test\Tyuiu.PopkovSV.Sprint4.Task4.V30.Test.csproj", "{53B9EB37-2C7A-4D6B-9093-99313BC5E8CF}"
EndProject
Global
	GlobalSection(SolutionConfigurationPlatforms) = preSolution
		Debug|Any CPU = Debug|Any CPU
		Release|Any CPU = Release|Any CPU
	EndGlobalSection
	GlobalSection(ProjectConfigurationPlatforms) = postSolution
		{0013D675-B9DC-4A0E-B700-33CB5B594093}.Debug|Any CPU.ActiveCfg = Debug|Any CPU
		{0013D675-B9DC-4A0E-B700-33CB5B594093}.Debug|Any CPU.Build.0 = Debug|Any CPU
		{0013D675-B9DC-4A0E-B700-33CB5B594093}.Release|Any CPU.ActiveCfg = Release|Any CPU
		{0013D675-B9DC-4A0E-B700-33CB5B594093}.Release|Any CPU.Build.0 = Release|Any CPU
		{F5E31D3C-2491-4A10-9F18-8A0C97A8D4D6}.Debug|Any CPU.ActiveCfg = Debug|Any CPU
		{F5E31D3C-2491-4A10-9F18-8A0C97A8D4D6}.Debug|Any CPU.Build.0 = Debug|Any CPU
		{F5E31D3C-2491-4A10-9F18-8A0C97A8D4D6}.Release|Any CPU.ActiveCfg = Release|Any CPU
		{F5E31D3C-2491-4A10-9F18-8A0C97A8D4D6}.Release|Any CPU.Build.0 = Release|Any CPU
		{D333826D-E83B-4F17-BCED-580CEB334392}.Debug|Any CPU.ActiveCfg = Debug|Any CPU
		{D333826D-E83B-4F17-BCED-580CEB334392}.Debug|Any CPU.Build.0 = Debug|Any CPU
		{D333826D-E83B-4F17-BCED-580CEB334392}.Release|Any CPU.ActiveCfg = Release|Any CPU
		{D333826D-E83B-4F17-BCED-580CEB334392}.Release|Any CPU.Build.0 = Release|Any CPU
		{00AA886F-D2A3-43BD-9F8A-7020FA23D5D1}.Debug|Any CPU.ActiveCfg = Debug|Any CPU
		{00AA886F-D2A3-43BD-9F8A-7020FA23D5D1}.Debug|Any CPU.Build.0 = Debug|Any CPU
		{00AA886F-D2A3-43BD-9F8A-7020FA23D5D1}.Release|Any CPU.ActiveCfg = Release|Any CPU
		{00AA886F-D2A3-43BD-9F8A-7020FA23D5D1}.Release|Any CPU.Build.0 = Release|Any CPU
		{A77CC664-59D6-450F-B656-8466471D112D}.Debug|Any CPU.ActiveCfg = Debug|Any CPU
		{A77CC664-59D6-450F-B656-8466471D112D}.Debug|Any CPU.Build.0 = Debug|Any CPU
		{A77CC664-59D6-450F-B656-8466471D112D}.Release|Any CPU.ActiveCfg = Release|Any CPU
		{A77CC664-59D6-450F-B656-8466471D112D}.Release|Any CPU.Build.0 = Release|Any CPU
		{816CAA47-A98A-4492-810A-9AF9AEBAD291}.Debug|Any CPU.ActiveCfg = Debug|Any CPU
		{816CAA47-A98A-4492-810A-9AF9AEBAD291}.Debug|Any CPU.Build.0 = Debug|Any CPU
		{816CAA47-A98A-4492-810A-9AF9AEBAD291}.Release|Any CPU.ActiveCfg = Release|Any CPU
		{816CAA47-A98A-4492-810A-9AF9AEBAD291}.Release|Any CPU.Build.0 = Release|Any CPU
		{FAAFBE7B-1275-4EA3-BD03-C24E60C4C2DB}.Debug|Any CPU.ActiveCfg = Debug|Any CPU
		{FAAFBE7B-1275-4EA3-BD03-C24E60C4C2DB}.Debug|Any CPU.Build.0 = Debug|Any CPU
		{FAAFBE7B-1275-4EA3-BD03-C24E60C4C2DB}.Release|Any CPU.ActiveCfg = Release|Any CPU
		{FAAFBE7B-1275-4EA3-BD03-C24E60C4C2DB}.Release|Any CPU.Build.0 = Release|Any CPU
		{C051C60B-DB50-4D11-AF31-97234036E97B}.Debug|Any CPU.ActiveCfg = Debug|Any CPU
		{C051C60B-DB50-4D11-AF31-97234036E97B}.Debug|Any CPU.Build.0 = Debug|Any CPU
		{C051C60B-DB50-4D11-AF31-97234036E97B}.Release|Any CPU.ActiveCfg = Release|Any CPU
		{C051C60B-DB50-4D11-AF31-97234036E97B}.Release|Any CPU.Build.0 = Release|Any CPU
		{A948729C-B579-476B-83D3-BD4443D475A2}.Debug|Any CPU.ActiveCfg = Debug|Any CPU
		{A948729C-B579-476B-83D3-BD4443D475A2}.Debug|Any CPU.Build.0 = Debug|Any CPU
		{A948729C-B579-476B-83D3-BD4443D475A2}.Release|Any CPU.ActiveCfg = Release|Any CPU
		{A948729C-B579-476B-83D3-BD4443D475A2}.Release|Any CPU.Build.0 = Release|Any CPU
		{7084A42E-B613-46C0-81DB-355A3C9CC647}.Debug|Any CPU.ActiveCfg = Debug|Any CPU
		{7084A42E-B613-46C0-81DB-355A3C9CC647}.Debug|Any CPU.Build.0 = Debug|Any CPU
		{7084A42E-B613-46C0-81DB-355A3C9CC647}.Release|Any CPU.ActiveCfg = Release|Any CPU
		{7084A42E-B613-46C0-81DB-355A3C9CC647}.Release|Any CPU.Build.0 = Release|Any CPU
		{FA3C86AD-3F76-4DDA-AC6E-FF9B2A24C355}.Debug|Any CPU.ActiveCfg = Debug|Any CPU
		{FA3C86AD-3F76-4DDA-AC6E-FF9B2A24C355}.Debug|Any CPU.Build.0 = Debug|Any CPU
		{FA3C86AD-3F76-4DDA-AC6E-FF9B2A24C355}.Release|Any CPU.ActiveCfg = Release|Any CPU
		{FA3C86AD-3F76-4DDA-AC6E-FF9B2A24C355}.Release|Any CPU.Build.0 = Release|Any CPU
		{66D02F13-9122-40E2-8A3B-1CD4B6A5B4BE}.Debug|Any CPU.ActiveCfg = Debug|Any CPU
		{66D02F13-9122-40E2-8A3B-1CD4B6A5B4BE}.Debug|Any CPU.Build.0 = Debug|Any CPU
		{66D02F13-9122-40E2-8A3B-1CD4B6A5B4BE}.Release|Any CPU.ActiveCfg = Release|Any CPU
		{66D02F13-9122-40E2-8A3B-1CD4B6A5B4BE}.Release|Any CPU.Build.0 = Release|Any CPU
		{3ACD5F33-011C-4F86-937D-A8FD285299C6}.Debug|Any CPU.ActiveCfg = Debug|Any CPU
		{3ACD5F33-011C-4F86-937D-A8FD285299C6}.Debug|Any CPU.Build.0 = Debug|Any CPU
		{3ACD5F33-011C-4F86-937D-A8FD285299C6}.Release|Any CPU.ActiveCfg = Release|Any CPU
		{3ACD5F33-011C-4F86-937D-A8FD285299C6}.Release|Any CPU.Build.0 = Release|Any CPU
		{538372F5-B5E4-4AA0-93E6-F85947F43D4C}.Debug|Any CPU.ActiveCfg = Debug|Any CPU
		{538372F5-B5E4-4AA0-93E6-F85947F43D4C}.Debug|Any CPU.Build.0 = Debug|Any CPU
		{538372F5-B5E4-4AA0-93E6-F85947F43D4C}.Release|Any CPU.ActiveCfg = Release|Any CPU
		{538372F5-B5E4-4AA0-93E6-F85947F43D4C}.Release|Any CPU.Build.0 = Release|Any CPU
		{53B9EB37-2C7A-4D6B-9093-99313BC5E8CF}.Debug|Any CPU.ActiveCfg = Debug|Any CPU
		{53B9EB37-2C7A-4D6B-9093-99313BC5E8CF}.Debug|Any CPU.Build.0 = Debug|Any CPU
		{53B9EB37-2C7A-4D6B-9093-99313BC5E8CF}.Release|Any CPU.ActiveCfg = Release|Any CPU
		{53B9EB37-2C7A-4D6B-9093-99313BC5E8CF}.Release|Any CPU.Build.0 = Release|Any CPU
	EndGlobalSection
	GlobalSection(SolutionProperties) = preSolution
		HideSolutionNode = FALSE
	EndGlobalSection
	GlobalSection(NestedProjects) = preSolution
		{0013D675-B9DC-4A0E-B700-33CB5B594093} = {8DBF84FB-BF7E-47EC-98F2-191FE5A428FC}
		{F5E31D3C-2491-4A10-9F18-8A0C97A8D4D6} = {8DBF84FB-BF7E-47EC-98F2-191FE5A428FC}
		{D333826D-E83B-4F17-BCED-580CEB334392} = {8DBF84FB-BF7E-47EC-98F2-191FE5A428FC}
		{00AA886F-D2A3-43BD-9F8A-7020FA23D5D1} = {765B6F63-6F86-4C58-B3B3-50752A1B6CBE}
		{A77CC664-59D6-450F-B656-8466471D112D} = {765B6F63-6F86-4C58-B3B3-50752A1B6CBE}
		{816CAA47-A98A-4492-810A-9AF9AEBAD291} = {765B6F63-6F86-4C58-B3B3-50752A1B6CBE}
		{FAAFBE7B-1275-4EA3-BD03-C24E60C4C2DB} = {1C38A29A-5997-424D-8D80-3C1D4E4E3735}
		{C051C60B-DB50-4D11-AF31-97234036E97B} = {1C38A29A-5997-424D-8D80-3C1D4E4E3735}
		{A948729C-B579-476B-83D3-BD4443D475A2} = {1C38A29A-5997-424D-8D80-3C1D4E4E3735}
		{7084A42E-B613-46C0-81DB-355A3C9CC647} = {E186D5A4-7E67-4A80-A32A-B38973746389}
		{FA3C86AD-3F76-4DDA-AC6E-FF9B2A24C355} = {E186D5A4-7E67-4A80-A32A-B38973746389}
		{66D02F13-9122-40E2-8A3B-1CD4B6A5B4BE} = {E186D5A4-7E67-4A80-A32A-B38973746389}
		{3ACD5F33-011C-4F86-937D-A8FD285299C6} = {10B9520A-714B-40A3-9CA6-26829A4F193B}
		{538372F5-B5E4-4AA0-93E6-F85947F43D4C} = {10B9520A-714B-40A3-9CA6-26829A4F193B}
		{53B9EB37-2C7A-4D6B-9093-99313BC5E8CF} = {10B9520A-714B-40A3-9CA6-26829A4F193B}
	EndGlobalSection
	GlobalSection(ExtensibilityGlobals) = postSolution
		SolutionGuid = {6D356598-5111-4A31-9B5A-8643BED47721}
	EndGlobalSection
EndGlobal
